
Microsoft Visual Studio Solution File, Format Version 12.00
# Visual Studio Version 17
VisualStudioVersion = 17.7.34031.279
MinimumVisualStudioVersion = 10.0.40219.1
Project("{FAE04EC0-301F-11D3-BF4B-00C04F79EFBC}") = "ConsoleApp2", "ConsoleApp2\ConsoleApp2.csproj", "{6830B3E0-1806-4AC3-8C39-5CF3566FCCE8}"
EndProject
Global
	GlobalSection(SolutionConfigurationPlatforms) = preSolution
		Debug|Any CPU = Debug|Any CPU
		Release|Any CPU = Release|Any CPU
	EndGlobalSection
	GlobalSection(ProjectConfigurationPlatforms) = postSolution
		{6830B3E0-1806-4AC3-8C39-5CF3566FCCE8}.Debug|Any CPU.ActiveCfg = Debug|Any CPU
		{6830B3E0-1806-4AC3-8C39-5CF3566FCCE8}.Debug|Any CPU.Build.0 = Debug|Any CPU
		{6830B3E0-1806-4AC3-8C39-5CF3566FCCE8}.Release|Any CPU.ActiveCfg = Release|Any CPU
		{6830B3E0-1806-4AC3-8C39-5CF3566FCCE8}.Release|Any CPU.Build.0 = Release|Any CPU
	EndGlobalSection
	GlobalSection(SolutionProperties) = preSolution
		HideSolutionNode = FALSE
	EndGlobalSection
	GlobalSection(ExtensibilityGlobals) = postSolution
		SolutionGuid = {38BA4F16-BADF-47BE-95AD-9B77FADB23F7}
	EndGlobalSection
EndGlobal
